github.com/PlayerR9/go-verify v0.1.4 h1:GpG+sbK4ukASwCVNLsRXhY82exyT/CMbbB9Qt51XTvg=
github.com/PlayerR9/go-verify v0.1.4/go.mod h1:9lLndNP1IW10qZlhsW2+q78ZowVimshTskYsjvRf8VQ=
github.com/PlayerR9/mygo-data v0.1.2 h1:lUVuvY5ZWtpItn39KKozw9zEQSHWTIlP9rZcc1npNRk=
github.com/PlayerR9/mygo-data v0.1.2/go.mod h1:/VznwXxO9q8Q3lP3s6jvFlOFjY8IzOGv/KyVkMul6eM=
