github.com/PlayerR9/errors v0.1.0 h1:EFbOeiweUdF4L4hNmQ446od0ET+PKqLWyO67KDWizCk=
github.com/PlayerR9/errors v0.1.0/go.mod h1:vM52FOVFTyAAbyUWeP9CJVNHWRy8YAHyYic58wy6U2Y=
github.com/PlayerR9/go-commons v0.1.22 h1:GW99dDhWMn21UeJi2uFESVRlP90nT8+ydAYkDyYsUUQ=
github.com/PlayerR9/go-commons v0.1.22/go.mod h1:0iaXeDQz7jA47AdvsjV9vM1+RonqB/2RKMh3K36cwqU=
github.com/PlayerR9/go-debug v0.1.8 h1:mi+n6K4jr4KvBwe5xtBLiu9EbYrEbloorh2JL0LS9Ro=
github.com/PlayerR9/go-debug v0.1.8/go.mod h1:SzUukvPW2udZk9KkysIdWdRjEEQPKhAbQav+fpDLzxY=
github.com/PlayerR9/tree v0.1.19 h1:cvUhIhW5LeQsrh0n5u5q8yxydkyasF+cAyVCYehMks0=
github.com/PlayerR9/tree v0.1.19/go.mod h1:F8iIYi1Jhyz0/9Zl73bjcQKen1zh9oazeQ5Vrh+GOgA=
github.com/dustin/go-humanize v1.0.1 h1:GzkhY7T5VNhEkwH0PVJgjz+fX1rhBrR7pRT3mDkpeCY=
github.com/dustin/go-humanize v1.0.1/go.mod h1:Mu1zIs6XwVuF/gI1OepvI0qD18qycQx+mFykh5fBlto=
golang.org/x/exp v0.0.0-20240909161429-701f63a606c0 h1:e66Fs6Z+fZTbFBAxKfP3PALWBtpfqks2bwGcexMxgtk=
golang.org/x/exp v0.0.0-20240909161429-701f63a606c0/go.mod h1:2TbTHSBQa924w8M6Xs1QcRcFwyucIwBGpK1p2f1YFFY=
