github.com/PlayerR9/grammar v0.1.1 h1:uN1lJNAEZ9OUFGImHn8PL/VoGGx0RkkPaX1X0If31cM=
github.com/PlayerR9/grammar v0.1.1/go.mod h1:tGF4jd9czOfQ1+4TP3Q7YB+YX/UDc/8oBCf8rdG89so=
github.com/PlayerR9/lib_units v0.1.5 h1:QdXakT1EeFviit9/5LqQaGYUuG8debmzzIJgbwrnv5Y=
github.com/PlayerR9/lib_units v0.1.5/go.mod h1:PtwiOBR5S2qAy5lD+Nz5ma7wXEYm8EWpVIP21Lm0o+Q=
github.com/PlayerR9/listlike v0.1.1 h1:ck2YIt5InDqLF3cuTLuMesav42UW/CjY+wCv86oloA8=
github.com/PlayerR9/listlike v0.1.1/go.mod h1:pZPg84jiJM3D4i6q+iXzOyVtjsBbvoNR2AADJktF7mw=
golang.org/x/exp v0.0.0-20240719175910-8a7402abbf56 h1:2dVuKD2vS7b0QIHQbpyTISPd0LeHDbnYEryqj5Q1ug8=
golang.org/x/exp v0.0.0-20240719175910-8a7402abbf56/go.mod h1:M4RDyNAINzryxdtnbRXRL/OHtkFuWGRjvuhBJpk2IlY=
